
Microsoft Visual Studio Solution File, Format Version 12.00
# Visual Studio Version 16
VisualStudioVersion = 16.0.32228.343
MinimumVisualStudioVersion = 10.0.40219.1
Project("{9A19103F-16F7-4668-BE54-9A1E7A4F7556}") = "Cloud_Bot", "Cloud_Bot\Cloud_Bot.csproj", "{523C8B9F-DB3B-4C73-A40F-289F0A9CE2E9}"
EndProject
Global
	GlobalSection(SolutionConfigurationPlatforms) = preSolution
		Debug|Any CPU = Debug|Any CPU
		Release|Any CPU = Release|Any CPU
	EndGlobalSection
	GlobalSection(ProjectConfigurationPlatforms) = postSolution
		{523C8B9F-DB3B-4C73-A40F-289F0A9CE2E9}.Debug|Any CPU.ActiveCfg = Debug|Any CPU
		{523C8B9F-DB3B-4C73-A40F-289F0A9CE2E9}.Debug|Any CPU.Build.0 = Debug|Any CPU
		{523C8B9F-DB3B-4C73-A40F-289F0A9CE2E9}.Release|Any CPU.ActiveCfg = Release|Any CPU
		{523C8B9F-DB3B-4C73-A40F-289F0A9CE2E9}.Release|Any CPU.Build.0 = Release|Any CPU
	EndGlobalSection
	GlobalSection(SolutionProperties) = preSolution
		HideSolutionNode = FALSE
	EndGlobalSection
	GlobalSection(ExtensibilityGlobals) = postSolution
		SolutionGuid = {F19C06C8-9632-4279-A7EC-294DE88AC1BE}
	EndGlobalSection
EndGlobal
